
Microsoft Visual Studio Solution File, Format Version 12.00
# Visual Studio 14
VisualStudioVersion = 14.0.25420.1
MinimumVisualStudioVersion = 10.0.40219.1
Project("{FAE04EC0-301F-11D3-BF4B-00C04F79EFBC}") = "01CodeFirst.Data", "01CodeFirst.Data\01CodeFirst.Data.csproj", "{AA5E5212-0D82-4976-83C3-87092C0795C2}"
EndProject
Project("{FAE04EC0-301F-11D3-BF4B-00C04F79EFBC}") = "01CodeFirst.Data.Tests", "01CodeFirst.Data.Tests\01CodeFirst.Data.Tests.csproj", "{FC31D461-A8ED-4B24-A7E3-E897ED9592CD}"
EndProject
Global
	GlobalSection(SolutionConfigurationPlatforms) = preSolution
		Debug|Any CPU = Debug|Any CPU
		Release|Any CPU = Release|Any CPU
	EndGlobalSection
	GlobalSection(ProjectConfigurationPlatforms) = postSolution
		{AA5E5212-0D82-4976-83C3-87092C0795C2}.Debug|Any CPU.ActiveCfg = Debug|Any CPU
		{AA5E5212-0D82-4976-83C3-87092C0795C2}.Debug|Any CPU.Build.0 = Debug|Any CPU
		{AA5E5212-0D82-4976-83C3-87092C0795C2}.Release|Any CPU.ActiveCfg = Release|Any CPU
		{AA5E5212-0D82-4976-83C3-87092C0795C2}.Release|Any CPU.Build.0 = Release|Any CPU
		{FC31D461-A8ED-4B24-A7E3-E897ED9592CD}.Debug|Any CPU.ActiveCfg = Debug|Any CPU
		{FC31D461-A8ED-4B24-A7E3-E897ED9592CD}.Debug|Any CPU.Build.0 = Debug|Any CPU
		{FC31D461-A8ED-4B24-A7E3-E897ED9592CD}.Release|Any CPU.ActiveCfg = Release|Any CPU
		{FC31D461-A8ED-4B24-A7E3-E897ED9592CD}.Release|Any CPU.Build.0 = Release|Any CPU
	EndGlobalSection
	GlobalSection(SolutionProperties) = preSolution
		HideSolutionNode = FALSE
	EndGlobalSection
EndGlobal
