
Microsoft Visual Studio Solution File, Format Version 12.00
# Visual Studio 14
VisualStudioVersion = 14.0.25420.1
MinimumVisualStudioVersion = 10.0.40219.1
Project("{FAE04EC0-301F-11D3-BF4B-00C04F79EFBC}") = "01IEnumerable", "01IEnumerable\01IEnumerable.csproj", "{BDF53B45-5B09-434E-8D3E-BEB78089E29B}"
EndProject
Project("{FAE04EC0-301F-11D3-BF4B-00C04F79EFBC}") = "02IEnumerableT", "02IEnumerableT\02IEnumerableT.csproj", "{E56984F6-6160-4F0B-A1BF-10EB5F944417}"
EndProject
Global
	GlobalSection(SolutionConfigurationPlatforms) = preSolution
		Debug|Any CPU = Debug|Any CPU
		Release|Any CPU = Release|Any CPU
	EndGlobalSection
	GlobalSection(ProjectConfigurationPlatforms) = postSolution
		{BDF53B45-5B09-434E-8D3E-BEB78089E29B}.Debug|Any CPU.ActiveCfg = Debug|Any CPU
		{BDF53B45-5B09-434E-8D3E-BEB78089E29B}.Debug|Any CPU.Build.0 = Debug|Any CPU
		{BDF53B45-5B09-434E-8D3E-BEB78089E29B}.Release|Any CPU.ActiveCfg = Release|Any CPU
		{BDF53B45-5B09-434E-8D3E-BEB78089E29B}.Release|Any CPU.Build.0 = Release|Any CPU
		{E56984F6-6160-4F0B-A1BF-10EB5F944417}.Debug|Any CPU.ActiveCfg = Debug|Any CPU
		{E56984F6-6160-4F0B-A1BF-10EB5F944417}.Debug|Any CPU.Build.0 = Debug|Any CPU
		{E56984F6-6160-4F0B-A1BF-10EB5F944417}.Release|Any CPU.ActiveCfg = Release|Any CPU
		{E56984F6-6160-4F0B-A1BF-10EB5F944417}.Release|Any CPU.Build.0 = Release|Any CPU
	EndGlobalSection
	GlobalSection(SolutionProperties) = preSolution
		HideSolutionNode = FALSE
	EndGlobalSection
EndGlobal
