
Microsoft Visual Studio Solution File, Format Version 12.00
# Visual Studio 14
VisualStudioVersion = 14.0.25420.1
MinimumVisualStudioVersion = 10.0.40219.1
Project("{FAE04EC0-301F-11D3-BF4B-00C04F79EFBC}") = "01TaskokOsszefuzese", "01TaskokOsszefuzese\01TaskokOsszefuzese.csproj", "{90E7A020-78B1-4FE3-9DAE-F67ABF9F933E}"
EndProject
Project("{FAE04EC0-301F-11D3-BF4B-00C04F79EFBC}") = "02RestAPI", "02RestAPI\02RestAPI.csproj", "{33371562-91B9-41EC-8F6A-803059EE3744}"
EndProject
Project("{FAE04EC0-301F-11D3-BF4B-00C04F79EFBC}") = "03CodeFirstData", "03CodeFirstData\03CodeFirstData.csproj", "{6779721B-BC9E-4495-8663-7DAF71770226}"
EndProject
Global
	GlobalSection(SolutionConfigurationPlatforms) = preSolution
		Debug|Any CPU = Debug|Any CPU
		Release|Any CPU = Release|Any CPU
	EndGlobalSection
	GlobalSection(ProjectConfigurationPlatforms) = postSolution
		{90E7A020-78B1-4FE3-9DAE-F67ABF9F933E}.Debug|Any CPU.ActiveCfg = Debug|Any CPU
		{90E7A020-78B1-4FE3-9DAE-F67ABF9F933E}.Debug|Any CPU.Build.0 = Debug|Any CPU
		{90E7A020-78B1-4FE3-9DAE-F67ABF9F933E}.Release|Any CPU.ActiveCfg = Release|Any CPU
		{90E7A020-78B1-4FE3-9DAE-F67ABF9F933E}.Release|Any CPU.Build.0 = Release|Any CPU
		{33371562-91B9-41EC-8F6A-803059EE3744}.Debug|Any CPU.ActiveCfg = Debug|Any CPU
		{33371562-91B9-41EC-8F6A-803059EE3744}.Debug|Any CPU.Build.0 = Debug|Any CPU
		{33371562-91B9-41EC-8F6A-803059EE3744}.Release|Any CPU.ActiveCfg = Release|Any CPU
		{33371562-91B9-41EC-8F6A-803059EE3744}.Release|Any CPU.Build.0 = Release|Any CPU
		{6779721B-BC9E-4495-8663-7DAF71770226}.Debug|Any CPU.ActiveCfg = Debug|Any CPU
		{6779721B-BC9E-4495-8663-7DAF71770226}.Debug|Any CPU.Build.0 = Debug|Any CPU
		{6779721B-BC9E-4495-8663-7DAF71770226}.Release|Any CPU.ActiveCfg = Release|Any CPU
		{6779721B-BC9E-4495-8663-7DAF71770226}.Release|Any CPU.Build.0 = Release|Any CPU
	EndGlobalSection
	GlobalSection(SolutionProperties) = preSolution
		HideSolutionNode = FALSE
	EndGlobalSection
EndGlobal
