
Microsoft Visual Studio Solution File, Format Version 12.00
# Visual Studio 14
VisualStudioVersion = 14.0.25420.1
MinimumVisualStudioVersion = 10.0.40219.1
Project("{FAE04EC0-301F-11D3-BF4B-00C04F79EFBC}") = "01StrategiaMinta", "01StrategiaMinta\01StrategiaMinta.csproj", "{4CDB5695-D781-4FD1-921B-E6712323A5F8}"
EndProject
Project("{FAE04EC0-301F-11D3-BF4B-00C04F79EFBC}") = "02StrategiaDelegateTel", "02StrategiaDelegateTel\02StrategiaDelegateTel.csproj", "{8F4A322B-2565-4CDA-82AA-B3DB46900C70}"
EndProject
Project("{FAE04EC0-301F-11D3-BF4B-00C04F79EFBC}") = "03Esemenyek", "03Esemenyek\03Esemenyek.csproj", "{1EDD5DD7-8F9B-455F-AED0-49E981E7B78A}"
EndProject
Project("{FAE04EC0-301F-11D3-BF4B-00C04F79EFBC}") = "04EsemenyekMegoldas", "04EsemenyekMegoldas\04EsemenyekMegoldas.csproj", "{4AF35CDF-1B75-4F06-B8DF-5E310E7F2386}"
EndProject
Global
	GlobalSection(SolutionConfigurationPlatforms) = preSolution
		Debug|Any CPU = Debug|Any CPU
		Release|Any CPU = Release|Any CPU
	EndGlobalSection
	GlobalSection(ProjectConfigurationPlatforms) = postSolution
		{4CDB5695-D781-4FD1-921B-E6712323A5F8}.Debug|Any CPU.ActiveCfg = Debug|Any CPU
		{4CDB5695-D781-4FD1-921B-E6712323A5F8}.Debug|Any CPU.Build.0 = Debug|Any CPU
		{4CDB5695-D781-4FD1-921B-E6712323A5F8}.Release|Any CPU.ActiveCfg = Release|Any CPU
		{4CDB5695-D781-4FD1-921B-E6712323A5F8}.Release|Any CPU.Build.0 = Release|Any CPU
		{8F4A322B-2565-4CDA-82AA-B3DB46900C70}.Debug|Any CPU.ActiveCfg = Debug|Any CPU
		{8F4A322B-2565-4CDA-82AA-B3DB46900C70}.Debug|Any CPU.Build.0 = Debug|Any CPU
		{8F4A322B-2565-4CDA-82AA-B3DB46900C70}.Release|Any CPU.ActiveCfg = Release|Any CPU
		{8F4A322B-2565-4CDA-82AA-B3DB46900C70}.Release|Any CPU.Build.0 = Release|Any CPU
		{1EDD5DD7-8F9B-455F-AED0-49E981E7B78A}.Debug|Any CPU.ActiveCfg = Debug|Any CPU
		{1EDD5DD7-8F9B-455F-AED0-49E981E7B78A}.Debug|Any CPU.Build.0 = Debug|Any CPU
		{1EDD5DD7-8F9B-455F-AED0-49E981E7B78A}.Release|Any CPU.ActiveCfg = Release|Any CPU
		{1EDD5DD7-8F9B-455F-AED0-49E981E7B78A}.Release|Any CPU.Build.0 = Release|Any CPU
		{4AF35CDF-1B75-4F06-B8DF-5E310E7F2386}.Debug|Any CPU.ActiveCfg = Debug|Any CPU
		{4AF35CDF-1B75-4F06-B8DF-5E310E7F2386}.Debug|Any CPU.Build.0 = Debug|Any CPU
		{4AF35CDF-1B75-4F06-B8DF-5E310E7F2386}.Release|Any CPU.ActiveCfg = Release|Any CPU
		{4AF35CDF-1B75-4F06-B8DF-5E310E7F2386}.Release|Any CPU.Build.0 = Release|Any CPU
	EndGlobalSection
	GlobalSection(SolutionProperties) = preSolution
		HideSolutionNode = FALSE
	EndGlobalSection
EndGlobal
